
Microsoft Visual Studio Solution File, Format Version 12.00
# Visual Studio Version 17
VisualStudioVersion = 17.11.35303.130
MinimumVisualStudioVersion = 10.0.40219.1
Project("{2150E333-8FDC-42A3-9474-1A3956D46DE8}") = "Task0", "Task0", "{C8AE9A50-92DE-403A-B69D-70F51A4B30EB}"
EndProject
Project("{9A19103F-16F7-4668-BE54-9A1E7A4F7556}") = "Tyuiu.KalashnikovPI.Sprint5.Task0.V5", "Tyuiu.KalashnikovPI.Sprint5.Task0.V5\Tyuiu.KalashnikovPI.Sprint5.Task0.V5.csproj", "{37F82775-F3B3-4048-A17C-2EA446E6038A}"
EndProject
Project("{9A19103F-16F7-4668-BE54-9A1E7A4F7556}") = "Tyuiu.KalashnikovPI.Sprint5.Task0.V5.Test", "Tyuiu.KalashnikovPI.Sprint5.Task0.V5.Test\Tyuiu.KalashnikovPI.Sprint5.Task0.V5.Test.csproj", "{EB4C4E51-F2A3-4F95-9944-B8AE413D5E1E}"
EndProject
Project("{9A19103F-16F7-4668-BE54-9A1E7A4F7556}") = "Tyuiu.KalashnikovPI.Sprint5.Task0.V5.Lib", "Tyuiu.KalashnikovPI.Sprint5.Task0.V5.Lib\Tyuiu.KalashnikovPI.Sprint5.Task0.V5.Lib.csproj", "{AD4B048C-0772-4760-98B0-60B7B7690B65}"
EndProject
Project("{2150E333-8FDC-42A3-9474-1A3956D46DE8}") = "Task1", "Task1", "{9E22ED03-5641-4DFF-ADD8-9386DC07960F}"
EndProject
Project("{9A19103F-16F7-4668-BE54-9A1E7A4F7556}") = "Tyuiu.KalashnikovPI.Sprint5.Task1.V21", "Tyuiu.KalashnikovPI.Sprint5.Task1.V21\Tyuiu.KalashnikovPI.Sprint5.Task1.V21.csproj", "{C27FE973-E7A1-4BBB-B071-F389986B7555}"
EndProject
Project("{9A19103F-16F7-4668-BE54-9A1E7A4F7556}") = "Tyuiu.KalashnikovPI.Sprint5.Task1.V21.Lib", "Tyuiu.KalashnikovPI.Sprint5.Task1.V21.Lib\Tyuiu.KalashnikovPI.Sprint5.Task1.V21.Lib.csproj", "{9A9141D1-045A-4025-8BD2-60E6541F1D59}"
EndProject
Project("{9A19103F-16F7-4668-BE54-9A1E7A4F7556}") = "Tyuiu.KalashnikovPI.Sprint5.Task1.V21.Test", "Tyuiu.KalashnikovPI.Sprint5.Task1.V21.Test\Tyuiu.KalashnikovPI.Sprint5.Task1.V21.Test.csproj", "{27898440-A323-4EB4-A7B1-38671109FDE2}"
EndProject
Project("{2150E333-8FDC-42A3-9474-1A3956D46DE8}") = "Task2", "Task2", "{988D62F8-6112-4A18-AC07-F0B748D36036}"
EndProject
Project("{FAE04EC0-301F-11D3-BF4B-00C04F79EFBC}") = "Tyuiu.KalashnikovPI.Sprint5.Task2.V8", "Tyuiu.KalashnikovPI.Sprint5.Task2.V8\Tyuiu.KalashnikovPI.Sprint5.Task2.V8.csproj", "{557E578A-043E-4D2C-996B-4687AE9FDE04}"
EndProject
Project("{FAE04EC0-301F-11D3-BF4B-00C04F79EFBC}") = "Tyuiu.KalashnikovPI.Sprint5.Task2.V8.Lib", "Tyuiu.KalashnikovPI.Sprint5.Task2.V8.Lib\Tyuiu.KalashnikovPI.Sprint5.Task2.V8.Lib.csproj", "{0BA6F81D-BA9C-4B0D-910B-A7DC45A35CD8}"
EndProject
Project("{FAE04EC0-301F-11D3-BF4B-00C04F79EFBC}") = "Tyuiu.KalashnikovPI.Sprint5.Task2.V8.Test", "Tyuiu.KalashnikovPI.Sprint5.Task2.V8.Test\Tyuiu.KalashnikovPI.Sprint5.Task2.V8.Test.csproj", "{2411AECD-525D-40C3-9CAF-BC9F18F2A9D6}"
EndProject
Project("{2150E333-8FDC-42A3-9474-1A3956D46DE8}") = "Task3", "Task3", "{D1933367-308B-4A10-8030-3919E3304B69}"
EndProject
Project("{FAE04EC0-301F-11D3-BF4B-00C04F79EFBC}") = "Tyuiu.KalashnikovPI.Sprint5.Task3.V16", "Tyuiu.KalashnikovPI.Sprint5.Task3.V16\Tyuiu.KalashnikovPI.Sprint5.Task3.V16.csproj", "{FEE2346C-9959-4E33-AB79-C1B2A5C184F3}"
EndProject
Project("{FAE04EC0-301F-11D3-BF4B-00C04F79EFBC}") = "Tyuiu.KalashnikovPI.Sprint5.Task3.V16.Lib", "Tyuiu.KalashnikovPI.Sprint5.Task3.V16.Lib\Tyuiu.KalashnikovPI.Sprint5.Task3.V16.Lib.csproj", "{1BC9D3CC-3449-438D-854A-510757AC15CF}"
EndProject
Project("{FAE04EC0-301F-11D3-BF4B-00C04F79EFBC}") = "Tyuiu.KalashnikovPI.Sprint5.Task3.V16.Test", "Tyuiu.KalashnikovPI.Sprint5.Task3.V16.Test\Tyuiu.KalashnikovPI.Sprint5.Task3.V16.Test.csproj", "{C29EB6CB-D64D-466E-B512-D91974C61C27}"
EndProject
Project("{2150E333-8FDC-42A3-9474-1A3956D46DE8}") = "Task4", "Task4", "{CA25DB86-CBBB-481D-8EA6-23CE3DEB0EEE}"
EndProject
Project("{FAE04EC0-301F-11D3-BF4B-00C04F79EFBC}") = "Tyuiu.KalashnikovPI.Sprint5.Task4.V19", "Tyuiu.KalashnikovPI.Sprint5.Task4.V19\Tyuiu.KalashnikovPI.Sprint5.Task4.V19.csproj", "{6B8A854B-5BED-41BE-9E32-D4C4FF42F8FB}"
EndProject
Project("{FAE04EC0-301F-11D3-BF4B-00C04F79EFBC}") = "Tyuiu.KalashnikovPI.Sprint5.Task4.V19.Lib", "Tyuiu.KalashnikovPI.Sprint5.Task4.V19.Lib\Tyuiu.KalashnikovPI.Sprint5.Task4.V19.Lib.csproj", "{C688FA6E-F349-4C52-8206-3101D746B48A}"
EndProject
Project("{FAE04EC0-301F-11D3-BF4B-00C04F79EFBC}") = "Tyuiu.KalashnikovPI.Sprint5.Task4.V19.Test", "Tyuiu.KalashnikovPI.Sprint5.Task4.V19.Test\Tyuiu.KalashnikovPI.Sprint5.Task4.V19.Test.csproj", "{5DC629B1-6EC3-4120-8B7C-A8BD28FCDB07}"
EndProject
Global
	GlobalSection(SolutionConfigurationPlatforms) = preSolution
		Debug|Any CPU = Debug|Any CPU
		Release|Any CPU = Release|Any CPU
	EndGlobalSection
	GlobalSection(ProjectConfigurationPlatforms) = postSolution
		{37F82775-F3B3-4048-A17C-2EA446E6038A}.Debug|Any CPU.ActiveCfg = Debug|Any CPU
		{37F82775-F3B3-4048-A17C-2EA446E6038A}.Debug|Any CPU.Build.0 = Debug|Any CPU
		{37F82775-F3B3-4048-A17C-2EA446E6038A}.Release|Any CPU.ActiveCfg = Release|Any CPU
		{37F82775-F3B3-4048-A17C-2EA446E6038A}.Release|Any CPU.Build.0 = Release|Any CPU
		{EB4C4E51-F2A3-4F95-9944-B8AE413D5E1E}.Debug|Any CPU.ActiveCfg = Debug|Any CPU
		{EB4C4E51-F2A3-4F95-9944-B8AE413D5E1E}.Debug|Any CPU.Build.0 = Debug|Any CPU
		{EB4C4E51-F2A3-4F95-9944-B8AE413D5E1E}.Release|Any CPU.ActiveCfg = Release|Any CPU
		{EB4C4E51-F2A3-4F95-9944-B8AE413D5E1E}.Release|Any CPU.Build.0 = Release|Any CPU
		{AD4B048C-0772-4760-98B0-60B7B7690B65}.Debug|Any CPU.ActiveCfg = Debug|Any CPU
		{AD4B048C-0772-4760-98B0-60B7B7690B65}.Debug|Any CPU.Build.0 = Debug|Any CPU
		{AD4B048C-0772-4760-98B0-60B7B7690B65}.Release|Any CPU.ActiveCfg = Release|Any CPU
		{AD4B048C-0772-4760-98B0-60B7B7690B65}.Release|Any CPU.Build.0 = Release|Any CPU
		{C27FE973-E7A1-4BBB-B071-F389986B7555}.Debug|Any CPU.ActiveCfg = Debug|Any CPU
		{C27FE973-E7A1-4BBB-B071-F389986B7555}.Debug|Any CPU.Build.0 = Debug|Any CPU
		{C27FE973-E7A1-4BBB-B071-F389986B7555}.Release|Any CPU.ActiveCfg = Release|Any CPU
		{C27FE973-E7A1-4BBB-B071-F389986B7555}.Release|Any CPU.Build.0 = Release|Any CPU
		{9A9141D1-045A-4025-8BD2-60E6541F1D59}.Debug|Any CPU.ActiveCfg = Debug|Any CPU
		{9A9141D1-045A-4025-8BD2-60E6541F1D59}.Debug|Any CPU.Build.0 = Debug|Any CPU
		{9A9141D1-045A-4025-8BD2-60E6541F1D59}.Release|Any CPU.ActiveCfg = Release|Any CPU
		{9A9141D1-045A-4025-8BD2-60E6541F1D59}.Release|Any CPU.Build.0 = Release|Any CPU
		{27898440-A323-4EB4-A7B1-38671109FDE2}.Debug|Any CPU.ActiveCfg = Debug|Any CPU
		{27898440-A323-4EB4-A7B1-38671109FDE2}.Debug|Any CPU.Build.0 = Debug|Any CPU
		{27898440-A323-4EB4-A7B1-38671109FDE2}.Release|Any CPU.ActiveCfg = Release|Any CPU
		{27898440-A323-4EB4-A7B1-38671109FDE2}.Release|Any CPU.Build.0 = Release|Any CPU
		{557E578A-043E-4D2C-996B-4687AE9FDE04}.Debug|Any CPU.ActiveCfg = Debug|Any CPU
		{557E578A-043E-4D2C-996B-4687AE9FDE04}.Debug|Any CPU.Build.0 = Debug|Any CPU
		{557E578A-043E-4D2C-996B-4687AE9FDE04}.Release|Any CPU.ActiveCfg = Release|Any CPU
		{557E578A-043E-4D2C-996B-4687AE9FDE04}.Release|Any CPU.Build.0 = Release|Any CPU
		{0BA6F81D-BA9C-4B0D-910B-A7DC45A35CD8}.Debug|Any CPU.ActiveCfg = Debug|Any CPU
		{0BA6F81D-BA9C-4B0D-910B-A7DC45A35CD8}.Debug|Any CPU.Build.0 = Debug|Any CPU
		{0BA6F81D-BA9C-4B0D-910B-A7DC45A35CD8}.Release|Any CPU.ActiveCfg = Release|Any CPU
		{0BA6F81D-BA9C-4B0D-910B-A7DC45A35CD8}.Release|Any CPU.Build.0 = Release|Any CPU
		{2411AECD-525D-40C3-9CAF-BC9F18F2A9D6}.Debug|Any CPU.ActiveCfg = Debug|Any CPU
		{2411AECD-525D-40C3-9CAF-BC9F18F2A9D6}.Debug|Any CPU.Build.0 = Debug|Any CPU
		{2411AECD-525D-40C3-9CAF-BC9F18F2A9D6}.Release|Any CPU.ActiveCfg = Release|Any CPU
		{2411AECD-525D-40C3-9CAF-BC9F18F2A9D6}.Release|Any CPU.Build.0 = Release|Any CPU
		{FEE2346C-9959-4E33-AB79-C1B2A5C184F3}.Debug|Any CPU.ActiveCfg = Debug|Any CPU
		{FEE2346C-9959-4E33-AB79-C1B2A5C184F3}.Debug|Any CPU.Build.0 = Debug|Any CPU
		{FEE2346C-9959-4E33-AB79-C1B2A5C184F3}.Release|Any CPU.ActiveCfg = Release|Any CPU
		{FEE2346C-9959-4E33-AB79-C1B2A5C184F3}.Release|Any CPU.Build.0 = Release|Any CPU
		{1BC9D3CC-3449-438D-854A-510757AC15CF}.Debug|Any CPU.ActiveCfg = Debug|Any CPU
		{1BC9D3CC-3449-438D-854A-510757AC15CF}.Debug|Any CPU.Build.0 = Debug|Any CPU
		{1BC9D3CC-3449-438D-854A-510757AC15CF}.Release|Any CPU.ActiveCfg = Release|Any CPU
		{1BC9D3CC-3449-438D-854A-510757AC15CF}.Release|Any CPU.Build.0 = Release|Any CPU
		{C29EB6CB-D64D-466E-B512-D91974C61C27}.Debug|Any CPU.ActiveCfg = Debug|Any CPU
		{C29EB6CB-D64D-466E-B512-D91974C61C27}.Debug|Any CPU.Build.0 = Debug|Any CPU
		{C29EB6CB-D64D-466E-B512-D91974C61C27}.Release|Any CPU.ActiveCfg = Release|Any CPU
		{C29EB6CB-D64D-466E-B512-D91974C61C27}.Release|Any CPU.Build.0 = Release|Any CPU
		{6B8A854B-5BED-41BE-9E32-D4C4FF42F8FB}.Debug|Any CPU.ActiveCfg = Debug|Any CPU
		{6B8A854B-5BED-41BE-9E32-D4C4FF42F8FB}.Debug|Any CPU.Build.0 = Debug|Any CPU
		{6B8A854B-5BED-41BE-9E32-D4C4FF42F8FB}.Release|Any CPU.ActiveCfg = Release|Any CPU
		{6B8A854B-5BED-41BE-9E32-D4C4FF42F8FB}.Release|Any CPU.Build.0 = Release|Any CPU
		{C688FA6E-F349-4C52-8206-3101D746B48A}.Debug|Any CPU.ActiveCfg = Debug|Any CPU
		{C688FA6E-F349-4C52-8206-3101D746B48A}.Debug|Any CPU.Build.0 = Debug|Any CPU
		{C688FA6E-F349-4C52-8206-3101D746B48A}.Release|Any CPU.ActiveCfg = Release|Any CPU
		{C688FA6E-F349-4C52-8206-3101D746B48A}.Release|Any CPU.Build.0 = Release|Any CPU
		{5DC629B1-6EC3-4120-8B7C-A8BD28FCDB07}.Debug|Any CPU.ActiveCfg = Debug|Any CPU
		{5DC629B1-6EC3-4120-8B7C-A8BD28FCDB07}.Debug|Any CPU.Build.0 = Debug|Any CPU
		{5DC629B1-6EC3-4120-8B7C-A8BD28FCDB07}.Release|Any CPU.ActiveCfg = Release|Any CPU
		{5DC629B1-6EC3-4120-8B7C-A8BD28FCDB07}.Release|Any CPU.Build.0 = Release|Any CPU
	EndGlobalSection
	GlobalSection(SolutionProperties) = preSolution
		HideSolutionNode = FALSE
	EndGlobalSection
	GlobalSection(NestedProjects) = preSolution
		{37F82775-F3B3-4048-A17C-2EA446E6038A} = {C8AE9A50-92DE-403A-B69D-70F51A4B30EB}
		{EB4C4E51-F2A3-4F95-9944-B8AE413D5E1E} = {C8AE9A50-92DE-403A-B69D-70F51A4B30EB}
		{AD4B048C-0772-4760-98B0-60B7B7690B65} = {C8AE9A50-92DE-403A-B69D-70F51A4B30EB}
		{C27FE973-E7A1-4BBB-B071-F389986B7555} = {9E22ED03-5641-4DFF-ADD8-9386DC07960F}
		{9A9141D1-045A-4025-8BD2-60E6541F1D59} = {9E22ED03-5641-4DFF-ADD8-9386DC07960F}
		{27898440-A323-4EB4-A7B1-38671109FDE2} = {9E22ED03-5641-4DFF-ADD8-9386DC07960F}
		{557E578A-043E-4D2C-996B-4687AE9FDE04} = {988D62F8-6112-4A18-AC07-F0B748D36036}
		{0BA6F81D-BA9C-4B0D-910B-A7DC45A35CD8} = {988D62F8-6112-4A18-AC07-F0B748D36036}
		{2411AECD-525D-40C3-9CAF-BC9F18F2A9D6} = {988D62F8-6112-4A18-AC07-F0B748D36036}
		{FEE2346C-9959-4E33-AB79-C1B2A5C184F3} = {D1933367-308B-4A10-8030-3919E3304B69}
		{1BC9D3CC-3449-438D-854A-510757AC15CF} = {D1933367-308B-4A10-8030-3919E3304B69}
		{C29EB6CB-D64D-466E-B512-D91974C61C27} = {D1933367-308B-4A10-8030-3919E3304B69}
		{6B8A854B-5BED-41BE-9E32-D4C4FF42F8FB} = {CA25DB86-CBBB-481D-8EA6-23CE3DEB0EEE}
		{C688FA6E-F349-4C52-8206-3101D746B48A} = {CA25DB86-CBBB-481D-8EA6-23CE3DEB0EEE}
		{5DC629B1-6EC3-4120-8B7C-A8BD28FCDB07} = {CA25DB86-CBBB-481D-8EA6-23CE3DEB0EEE}
	EndGlobalSection
	GlobalSection(ExtensibilityGlobals) = postSolution
		SolutionGuid = {75388B4B-4D96-495E-A437-B162B415C0B1}
	EndGlobalSection
EndGlobal
